// !$*UTF8*$!
{
	archiveVersion = 1;
	classes = {
	};
	objectVersion = 50;
	objects = {

/* Begin PBXBuildFile section */
		0549F0064EBFF0A3ED6285F2 /* Pods_e_bizhanovUITests.framework in Frameworks */ = {isa = PBXBuildFile; fileRef = 5F1F2211489BE4D167E9DF77 /* Pods_e_bizhanovUITests.framework */; };
		2FB8365D98DDE9919CA022F1 /* Pods_e_bizhanovTests.framework in Frameworks */ = {isa = PBXBuildFile; fileRef = 138B76B95677F588AC000202 /* Pods_e_bizhanovTests.framework */; };
		7A2584C020E7E3080030E644 /* AppDelegate.swift in Sources */ = {isa = PBXBuildFile; fileRef = 7A2584BF20E7E3080030E644 /* AppDelegate.swift */; };
		7A2584C720E7E30B0030E644 /* Assets.xcassets in Resources */ = {isa = PBXBuildFile; fileRef = 7A2584C620E7E30B0030E644 /* Assets.xcassets */; };
		7A2584CA20E7E30B0030E644 /* LaunchScreen.storyboard in Resources */ = {isa = PBXBuildFile; fileRef = 7A2584C820E7E30B0030E644 /* LaunchScreen.storyboard */; };
		7A2584D520E7E30B0030E644 /* e_bizhanovTests.swift in Sources */ = {isa = PBXBuildFile; fileRef = 7A2584D420E7E30B0030E644 /* e_bizhanovTests.swift */; };
		7A2584E020E7E30C0030E644 /* e_bizhanovUITests.swift in Sources */ = {isa = PBXBuildFile; fileRef = 7A2584DF20E7E30C0030E644 /* e_bizhanovUITests.swift */; };
		7A67785C20EDFDED000A2118 /* AbstractRequestFactory.swift in Sources */ = {isa = PBXBuildFile; fileRef = 7A67785A20EDFDED000A2118 /* AbstractRequestFactory.swift */; };
		7A67785D20EDFDED000A2118 /* RequestRouter.swift in Sources */ = {isa = PBXBuildFile; fileRef = 7A67785B20EDFDED000A2118 /* RequestRouter.swift */; };
		7A85D4DE20EDFA1F00FDDC4C /* AbstractErrorParser.swift in Sources */ = {isa = PBXBuildFile; fileRef = 7A85D4D920EDFA1F00FDDC4C /* AbstractErrorParser.swift */; };
		7A85D4DF20EDFA1F00FDDC4C /* ErrorParser.swift in Sources */ = {isa = PBXBuildFile; fileRef = 7A85D4DA20EDFA1F00FDDC4C /* ErrorParser.swift */; };
		7AE2CD6E20EE0924003792D6 /* User.swift in Sources */ = {isa = PBXBuildFile; fileRef = 7AE2CD6D20EE0924003792D6 /* User.swift */; };
		7AF027EE20EDFD7B00BC3B27 /* ResponseCodable.swift in Sources */ = {isa = PBXBuildFile; fileRef = 7AF027ED20EDFD7B00BC3B27 /* ResponseCodable.swift */; };
		AFCD319A7E7AA7D11E243995 /* Pods_e_bizhanov.framework in Frameworks */ = {isa = PBXBuildFile; fileRef = F0275B7C3CD86EA722A4A944 /* Pods_e_bizhanov.framework */; };
/* End PBXBuildFile section */

/* Begin PBXContainerItemProxy section */
		7A2584D120E7E30B0030E644 /* PBXContainerItemProxy */ = {
			isa = PBXContainerItemProxy;
			containerPortal = 7A2584B420E7E3080030E644 /* Project object */;
			proxyType = 1;
			remoteGlobalIDString = 7A2584BB20E7E3080030E644;
			remoteInfo = e.bizhanov;
		};
		7A2584DC20E7E30C0030E644 /* PBXContainerItemProxy */ = {
			isa = PBXContainerItemProxy;
			containerPortal = 7A2584B420E7E3080030E644 /* Project object */;
			proxyType = 1;
			remoteGlobalIDString = 7A2584BB20E7E3080030E644;
			remoteInfo = e.bizhanov;
		};
/* End PBXContainerItemProxy section */

/* Begin PBXFileReference section */
		138B76B95677F588AC000202 /* Pods_e_bizhanovTests.framework */ = {isa = PBXFileReference; explicitFileType = wrapper.framework; includeInIndex = 0; path = Pods_e_bizhanovTests.framework; sourceTree = BUILT_PRODUCTS_DIR; };
		18689BF1EC9E2672CF69387D /* Pods-e.bizhanov.debug.xcconfig */ = {isa = PBXFileReference; includeInIndex = 1; lastKnownFileType = text.xcconfig; name = "Pods-e.bizhanov.debug.xcconfig"; path = "Pods/Target Support Files/Pods-e.bizhanov/Pods-e.bizhanov.debug.xcconfig"; sourceTree = "<group>"; };
		2DAE617F9F555E60B91BF5BC /* Pods-e.bizhanovUITests.debug.xcconfig */ = {isa = PBXFileReference; includeInIndex = 1; lastKnownFileType = text.xcconfig; name = "Pods-e.bizhanovUITests.debug.xcconfig"; path = "Pods/Target Support Files/Pods-e.bizhanovUITests/Pods-e.bizhanovUITests.debug.xcconfig"; sourceTree = "<group>"; };
		329D2EC673C1229210F4DBD6 /* Pods-e.bizhanovTests.debug.xcconfig */ = {isa = PBXFileReference; includeInIndex = 1; lastKnownFileType = text.xcconfig; name = "Pods-e.bizhanovTests.debug.xcconfig"; path = "Pods/Target Support Files/Pods-e.bizhanovTests/Pods-e.bizhanovTests.debug.xcconfig"; sourceTree = "<group>"; };
		5F1F2211489BE4D167E9DF77 /* Pods_e_bizhanovUITests.framework */ = {isa = PBXFileReference; explicitFileType = wrapper.framework; includeInIndex = 0; path = Pods_e_bizhanovUITests.framework; sourceTree = BUILT_PRODUCTS_DIR; };
		7A2584BC20E7E3080030E644 /* e.bizhanov.app */ = {isa = PBXFileReference; explicitFileType = wrapper.application; includeInIndex = 0; path = e.bizhanov.app; sourceTree = BUILT_PRODUCTS_DIR; };
		7A2584BF20E7E3080030E644 /* AppDelegate.swift */ = {isa = PBXFileReference; lastKnownFileType = sourcecode.swift; path = AppDelegate.swift; sourceTree = "<group>"; };
		7A2584C620E7E30B0030E644 /* Assets.xcassets */ = {isa = PBXFileReference; lastKnownFileType = folder.assetcatalog; path = Assets.xcassets; sourceTree = "<group>"; };
		7A2584C920E7E30B0030E644 /* Base */ = {isa = PBXFileReference; lastKnownFileType = file.storyboard; name = Base; path = Base.lproj/LaunchScreen.storyboard; sourceTree = "<group>"; };
		7A2584CB20E7E30B0030E644 /* Info.plist */ = {isa = PBXFileReference; lastKnownFileType = text.plist.xml; path = Info.plist; sourceTree = "<group>"; };
		7A2584D020E7E30B0030E644 /* e.bizhanovTests.xctest */ = {isa = PBXFileReference; explicitFileType = wrapper.cfbundle; includeInIndex = 0; path = e.bizhanovTests.xctest; sourceTree = BUILT_PRODUCTS_DIR; };
		7A2584D420E7E30B0030E644 /* e_bizhanovTests.swift */ = {isa = PBXFileReference; lastKnownFileType = sourcecode.swift; path = e_bizhanovTests.swift; sourceTree = "<group>"; };
		7A2584D620E7E30B0030E644 /* Info.plist */ = {isa = PBXFileReference; lastKnownFileType = text.plist.xml; path = Info.plist; sourceTree = "<group>"; };
		7A2584DB20E7E30C0030E644 /* e.bizhanovUITests.xctest */ = {isa = PBXFileReference; explicitFileType = wrapper.cfbundle; includeInIndex = 0; path = e.bizhanovUITests.xctest; sourceTree = BUILT_PRODUCTS_DIR; };
		7A2584DF20E7E30C0030E644 /* e_bizhanovUITests.swift */ = {isa = PBXFileReference; lastKnownFileType = sourcecode.swift; path = e_bizhanovUITests.swift; sourceTree = "<group>"; };
		7A2584E120E7E30C0030E644 /* Info.plist */ = {isa = PBXFileReference; lastKnownFileType = text.plist.xml; path = Info.plist; sourceTree = "<group>"; };
		7A67785A20EDFDED000A2118 /* AbstractRequestFactory.swift */ = {isa = PBXFileReference; fileEncoding = 4; lastKnownFileType = sourcecode.swift; path = AbstractRequestFactory.swift; sourceTree = "<group>"; };
		7A67785B20EDFDED000A2118 /* RequestRouter.swift */ = {isa = PBXFileReference; fileEncoding = 4; lastKnownFileType = sourcecode.swift; path = RequestRouter.swift; sourceTree = "<group>"; };
		7A85D4D920EDFA1F00FDDC4C /* AbstractErrorParser.swift */ = {isa = PBXFileReference; fileEncoding = 4; lastKnownFileType = sourcecode.swift; path = AbstractErrorParser.swift; sourceTree = "<group>"; };
		7A85D4DA20EDFA1F00FDDC4C /* ErrorParser.swift */ = {isa = PBXFileReference; fileEncoding = 4; lastKnownFileType = sourcecode.swift; path = ErrorParser.swift; sourceTree = "<group>"; };
		7AE2CD6D20EE0924003792D6 /* User.swift */ = {isa = PBXFileReference; lastKnownFileType = sourcecode.swift; path = User.swift; sourceTree = "<group>"; };
		7AF027ED20EDFD7B00BC3B27 /* ResponseCodable.swift */ = {isa = PBXFileReference; fileEncoding = 4; lastKnownFileType = sourcecode.swift; path = ResponseCodable.swift; sourceTree = "<group>"; };
		7FEC1D693AC07A71C9A63721 /* Pods-e.bizhanovUITests.release.xcconfig */ = {isa = PBXFileReference; includeInIndex = 1; lastKnownFileType = text.xcconfig; name = "Pods-e.bizhanovUITests.release.xcconfig"; path = "Pods/Target Support Files/Pods-e.bizhanovUITests/Pods-e.bizhanovUITests.release.xcconfig"; sourceTree = "<group>"; };
		A7B2FC838CE82396D5363B46 /* Pods-e.bizhanovTests.release.xcconfig */ = {isa = PBXFileReference; includeInIndex = 1; lastKnownFileType = text.xcconfig; name = "Pods-e.bizhanovTests.release.xcconfig"; path = "Pods/Target Support Files/Pods-e.bizhanovTests/Pods-e.bizhanovTests.release.xcconfig"; sourceTree = "<group>"; };
		C9D2158E3CCB0F3A25D7FFAB /* Pods-e.bizhanov.release.xcconfig */ = {isa = PBXFileReference; includeInIndex = 1; lastKnownFileType = text.xcconfig; name = "Pods-e.bizhanov.release.xcconfig"; path = "Pods/Target Support Files/Pods-e.bizhanov/Pods-e.bizhanov.release.xcconfig"; sourceTree = "<group>"; };
		F0275B7C3CD86EA722A4A944 /* Pods_e_bizhanov.framework */ = {isa = PBXFileReference; explicitFileType = wrapper.framework; includeInIndex = 0; path = Pods_e_bizhanov.framework; sourceTree = BUILT_PRODUCTS_DIR; };
/* End PBXFileReference section */

/* Begin PBXFrameworksBuildPhase section */
		7A2584B920E7E3080030E644 /* Frameworks */ = {
			isa = PBXFrameworksBuildPhase;
			buildActionMask = 2147483647;
			files = (
				AFCD319A7E7AA7D11E243995 /* Pods_e_bizhanov.framework in Frameworks */,
			);
			runOnlyForDeploymentPostprocessing = 0;
		};
		7A2584CD20E7E30B0030E644 /* Frameworks */ = {
			isa = PBXFrameworksBuildPhase;
			buildActionMask = 2147483647;
			files = (
				2FB8365D98DDE9919CA022F1 /* Pods_e_bizhanovTests.framework in Frameworks */,
			);
			runOnlyForDeploymentPostprocessing = 0;
		};
		7A2584D820E7E30C0030E644 /* Frameworks */ = {
			isa = PBXFrameworksBuildPhase;
			buildActionMask = 2147483647;
			files = (
				0549F0064EBFF0A3ED6285F2 /* Pods_e_bizhanovUITests.framework in Frameworks */,
			);
			runOnlyForDeploymentPostprocessing = 0;
		};
/* End PBXFrameworksBuildPhase section */

/* Begin PBXGroup section */
		70FD1DF66551467D66FE0564 /* Pods */ = {
			isa = PBXGroup;
			children = (
				18689BF1EC9E2672CF69387D /* Pods-e.bizhanov.debug.xcconfig */,
				C9D2158E3CCB0F3A25D7FFAB /* Pods-e.bizhanov.release.xcconfig */,
				329D2EC673C1229210F4DBD6 /* Pods-e.bizhanovTests.debug.xcconfig */,
				A7B2FC838CE82396D5363B46 /* Pods-e.bizhanovTests.release.xcconfig */,
				2DAE617F9F555E60B91BF5BC /* Pods-e.bizhanovUITests.debug.xcconfig */,
				7FEC1D693AC07A71C9A63721 /* Pods-e.bizhanovUITests.release.xcconfig */,
			);
			name = Pods;
			sourceTree = "<group>";
		};
		7A2584B320E7E3080030E644 = {
			isa = PBXGroup;
			children = (
				7A2584BE20E7E3080030E644 /* e.bizhanov */,
				7A2584D320E7E30B0030E644 /* e.bizhanovTests */,
				7A2584DE20E7E30C0030E644 /* e.bizhanovUITests */,
				7A2584BD20E7E3080030E644 /* Products */,
				70FD1DF66551467D66FE0564 /* Pods */,
				C694540D995F36C81EAB1078 /* Frameworks */,
			);
			sourceTree = "<group>";
		};
		7A2584BD20E7E3080030E644 /* Products */ = {
			isa = PBXGroup;
			children = (
				7A2584BC20E7E3080030E644 /* e.bizhanov.app */,
				7A2584D020E7E30B0030E644 /* e.bizhanovTests.xctest */,
				7A2584DB20E7E30C0030E644 /* e.bizhanovUITests.xctest */,
			);
			name = Products;
			sourceTree = "<group>";
		};
		7A2584BE20E7E3080030E644 /* e.bizhanov */ = {
			isa = PBXGroup;
			children = (
				7A4B293E20E7FE040097B752 /* App */,
				7A4B293F20E7FE160097B752 /* Flows */,
				7A4B294020E7FE270097B752 /* Core */,
				7A4B294120E7FE420097B752 /* Resources */,
				7A4B294220E7FE540097B752 /* Environments */,
			);
			path = e.bizhanov;
			sourceTree = "<group>";
		};
		7A2584D320E7E30B0030E644 /* e.bizhanovTests */ = {
			isa = PBXGroup;
			children = (
				7A2584D420E7E30B0030E644 /* e_bizhanovTests.swift */,
				7A2584D620E7E30B0030E644 /* Info.plist */,
			);
			path = e.bizhanovTests;
			sourceTree = "<group>";
		};
		7A2584DE20E7E30C0030E644 /* e.bizhanovUITests */ = {
			isa = PBXGroup;
			children = (
				7A2584DF20E7E30C0030E644 /* e_bizhanovUITests.swift */,
				7A2584E120E7E30C0030E644 /* Info.plist */,
			);
			path = e.bizhanovUITests;
			sourceTree = "<group>";
		};
		7A4B293E20E7FE040097B752 /* App */ = {
			isa = PBXGroup;
			children = (
				7A4B294520E7FED10097B752 /* BusinessLogic */,
				7A4B294420E7FEC80097B752 /* Entity */,
				7A4B294320E7FE8F0097B752 /* Assembly */,
			);
			path = App;
			sourceTree = "<group>";
		};
		7A4B293F20E7FE160097B752 /* Flows */ = {
			isa = PBXGroup;
			children = (
			);
			path = Flows;
			sourceTree = "<group>";
		};
		7A4B294020E7FE270097B752 /* Core */ = {
			isa = PBXGroup;
			children = (
				7A85D4D620EDFA1F00FDDC4C /* Network */,
			);
			path = Core;
			sourceTree = "<group>";
		};
		7A4B294120E7FE420097B752 /* Resources */ = {
			isa = PBXGroup;
			children = (
				7A2584C820E7E30B0030E644 /* LaunchScreen.storyboard */,
				7A2584C620E7E30B0030E644 /* Assets.xcassets */,
			);
			path = Resources;
			sourceTree = "<group>";
		};
		7A4B294220E7FE540097B752 /* Environments */ = {
			isa = PBXGroup;
			children = (
				7A2584CB20E7E30B0030E644 /* Info.plist */,
			);
			path = Environments;
			sourceTree = "<group>";
		};
		7A4B294320E7FE8F0097B752 /* Assembly */ = {
			isa = PBXGroup;
			children = (
			);
			path = Assembly;
			sourceTree = "<group>";
		};
		7A4B294420E7FEC80097B752 /* Entity */ = {
			isa = PBXGroup;
			children = (
				7AE2CD6D20EE0924003792D6 /* User.swift */,
			);
			path = Entity;
			sourceTree = "<group>";
		};
		7A4B294520E7FED10097B752 /* BusinessLogic */ = {
			isa = PBXGroup;
			children = (
				7A4B294620E804110097B752 /* AppDelegate */,
			);
			path = BusinessLogic;
			sourceTree = "<group>";
		};
		7A4B294620E804110097B752 /* AppDelegate */ = {
			isa = PBXGroup;
			children = (
				7A2584BF20E7E3080030E644 /* AppDelegate.swift */,
			);
			path = AppDelegate;
			sourceTree = "<group>";
		};
		7A85D4D620EDFA1F00FDDC4C /* Network */ = {
			isa = PBXGroup;
			children = (
				7A67785A20EDFDED000A2118 /* AbstractRequestFactory.swift */,
				7A67785B20EDFDED000A2118 /* RequestRouter.swift */,
				7AF027ED20EDFD7B00BC3B27 /* ResponseCodable.swift */,
				7A85D4D920EDFA1F00FDDC4C /* AbstractErrorParser.swift */,
				7A85D4DA20EDFA1F00FDDC4C /* ErrorParser.swift */,
			);
			path = Network;
			sourceTree = "<group>";
		};
		C694540D995F36C81EAB1078 /* Frameworks */ = {
			isa = PBXGroup;
			children = (
				F0275B7C3CD86EA722A4A944 /* Pods_e_bizhanov.framework */,
				138B76B95677F588AC000202 /* Pods_e_bizhanovTests.framework */,
				5F1F2211489BE4D167E9DF77 /* Pods_e_bizhanovUITests.framework */,
			);
			name = Frameworks;
			sourceTree = "<group>";
		};
/* End PBXGroup section */

/* Begin PBXNativeTarget section */
		7A2584BB20E7E3080030E644 /* e.bizhanov */ = {
			isa = PBXNativeTarget;
			buildConfigurationList = 7A2584E420E7E30C0030E644 /* Build configuration list for PBXNativeTarget "e.bizhanov" */;
			buildPhases = (
				DBF2728EF0B861105E35988A /* [CP] Check Pods Manifest.lock */,
				7A68147220ED49D600A6B491 /* ShellScript */,
				7A2584B820E7E3080030E644 /* Sources */,
				7A2584B920E7E3080030E644 /* Frameworks */,
				7A2584BA20E7E3080030E644 /* Resources */,
				2B33130AFE9E18900E56F292 /* [CP] Embed Pods Frameworks */,
			);
			buildRules = (
			);
			dependencies = (
			);
			name = e.bizhanov;
			productName = e.bizhanov;
			productReference = 7A2584BC20E7E3080030E644 /* e.bizhanov.app */;
			productType = "com.apple.product-type.application";
		};
		7A2584CF20E7E30B0030E644 /* e.bizhanovTests */ = {
			isa = PBXNativeTarget;
			buildConfigurationList = 7A2584E720E7E30C0030E644 /* Build configuration list for PBXNativeTarget "e.bizhanovTests" */;
			buildPhases = (
				82E5B4CCD2A49F95889DC88B /* [CP] Check Pods Manifest.lock */,
				7A2584CC20E7E30B0030E644 /* Sources */,
				7A2584CD20E7E30B0030E644 /* Frameworks */,
				7A2584CE20E7E30B0030E644 /* Resources */,
			);
			buildRules = (
			);
			dependencies = (
				7A2584D220E7E30B0030E644 /* PBXTargetDependency */,
			);
			name = e.bizhanovTests;
			productName = e.bizhanovTests;
			productReference = 7A2584D020E7E30B0030E644 /* e.bizhanovTests.xctest */;
			productType = "com.apple.product-type.bundle.unit-test";
		};
		7A2584DA20E7E30C0030E644 /* e.bizhanovUITests */ = {
			isa = PBXNativeTarget;
			buildConfigurationList = 7A2584EA20E7E30C0030E644 /* Build configuration list for PBXNativeTarget "e.bizhanovUITests" */;
			buildPhases = (
				712A2B91528331585A55E5D8 /* [CP] Check Pods Manifest.lock */,
				7A2584D720E7E30C0030E644 /* Sources */,
				7A2584D820E7E30C0030E644 /* Frameworks */,
				7A2584D920E7E30C0030E644 /* Resources */,
			);
			buildRules = (
			);
			dependencies = (
				7A2584DD20E7E30C0030E644 /* PBXTargetDependency */,
			);
			name = e.bizhanovUITests;
			productName = e.bizhanovUITests;
			productReference = 7A2584DB20E7E30C0030E644 /* e.bizhanovUITests.xctest */;
			productType = "com.apple.product-type.bundle.ui-testing";
		};
/* End PBXNativeTarget section */

/* Begin PBXProject section */
		7A2584B420E7E3080030E644 /* Project object */ = {
			isa = PBXProject;
			attributes = {
				LastSwiftUpdateCheck = 0940;
				LastUpgradeCheck = 0940;
				ORGANIZATIONNAME = "Евгений Бижанов";
				TargetAttributes = {
					7A2584BB20E7E3080030E644 = {
						CreatedOnToolsVersion = 9.4.1;
					};
					7A2584CF20E7E30B0030E644 = {
						CreatedOnToolsVersion = 9.4.1;
						TestTargetID = 7A2584BB20E7E3080030E644;
					};
					7A2584DA20E7E30C0030E644 = {
						CreatedOnToolsVersion = 9.4.1;
						TestTargetID = 7A2584BB20E7E3080030E644;
					};
				};
			};
			buildConfigurationList = 7A2584B720E7E3080030E644 /* Build configuration list for PBXProject "e.bizhanov" */;
			compatibilityVersion = "Xcode 9.3";
			developmentRegion = en;
			hasScannedForEncodings = 0;
			knownRegions = (
				en,
				Base,
			);
			mainGroup = 7A2584B320E7E3080030E644;
			productRefGroup = 7A2584BD20E7E3080030E644 /* Products */;
			projectDirPath = "";
			projectRoot = "";
			targets = (
				7A2584BB20E7E3080030E644 /* e.bizhanov */,
				7A2584CF20E7E30B0030E644 /* e.bizhanovTests */,
				7A2584DA20E7E30C0030E644 /* e.bizhanovUITests */,
			);
		};
/* End PBXProject section */

/* Begin PBXResourcesBuildPhase section */
		7A2584BA20E7E3080030E644 /* Resources */ = {
			isa = PBXResourcesBuildPhase;
			buildActionMask = 2147483647;
			files = (
				7A2584CA20E7E30B0030E644 /* LaunchScreen.storyboard in Resources */,
				7A2584C720E7E30B0030E644 /* Assets.xcassets in Resources */,
			);
			runOnlyForDeploymentPostprocessing = 0;
		};
		7A2584CE20E7E30B0030E644 /* Resources */ = {
			isa = PBXResourcesBuildPhase;
			buildActionMask = 2147483647;
			files = (
			);
			runOnlyForDeploymentPostprocessing = 0;
		};
		7A2584D920E7E30C0030E644 /* Resources */ = {
			isa = PBXResourcesBuildPhase;
			buildActionMask = 2147483647;
			files = (
			);
			runOnlyForDeploymentPostprocessing = 0;
		};
/* End PBXResourcesBuildPhase section */

/* Begin PBXShellScriptBuildPhase section */
		2B33130AFE9E18900E56F292 /* [CP] Embed Pods Frameworks */ = {
			isa = PBXShellScriptBuildPhase;
			buildActionMask = 2147483647;
			files = (
			);
			inputPaths = (
				"${SRCROOT}/Pods/Target Support Files/Pods-e.bizhanov/Pods-e.bizhanov-frameworks.sh",
				"${BUILT_PRODUCTS_DIR}/Alamofire/Alamofire.framework",
			);
			name = "[CP] Embed Pods Frameworks";
			outputPaths = (
				"${TARGET_BUILD_DIR}/${FRAMEWORKS_FOLDER_PATH}/Alamofire.framework",
			);
			runOnlyForDeploymentPostprocessing = 0;
			shellPath = /bin/sh;
			shellScript = "\"${SRCROOT}/Pods/Target Support Files/Pods-e.bizhanov/Pods-e.bizhanov-frameworks.sh\"\n";
			showEnvVarsInLog = 0;
		};
		712A2B91528331585A55E5D8 /* [CP] Check Pods Manifest.lock */ = {
			isa = PBXShellScriptBuildPhase;
			buildActionMask = 2147483647;
			files = (
			);
			inputPaths = (
				"${PODS_PODFILE_DIR_PATH}/Podfile.lock",
				"${PODS_ROOT}/Manifest.lock",
			);
			name = "[CP] Check Pods Manifest.lock";
			outputPaths = (
				"$(DERIVED_FILE_DIR)/Pods-e.bizhanovUITests-checkManifestLockResult.txt",
			);
			runOnlyForDeploymentPostprocessing = 0;
			shellPath = /bin/sh;
			shellScript = "diff \"${PODS_PODFILE_DIR_PATH}/Podfile.lock\" \"${PODS_ROOT}/Manifest.lock\" > /dev/null\nif [ $? != 0 ] ; then\n    # print error to STDERR\n    echo \"error: The sandbox is not in sync with the Podfile.lock. Run 'pod install' or update your CocoaPods installation.\" >&2\n    exit 1\nfi\n# This output is used by Xcode 'outputs' to avoid re-running this script phase.\necho \"SUCCESS\" > \"${SCRIPT_OUTPUT_FILE_0}\"\n";
			showEnvVarsInLog = 0;
		};
		7A68147220ED49D600A6B491 /* ShellScript */ = {
			isa = PBXShellScriptBuildPhase;
			buildActionMask = 2147483647;
			files = (
			);
			inputPaths = (
			);
			outputPaths = (
			);
			runOnlyForDeploymentPostprocessing = 0;
			shellPath = /bin/sh;
			shellScript = "\"${PODS_ROOT}/SwiftLint/swiftlint\"";
		};
		82E5B4CCD2A49F95889DC88B /* [CP] Check Pods Manifest.lock */ = {
			isa = PBXShellScriptBuildPhase;
			buildActionMask = 2147483647;
			files = (
			);
			inputPaths = (
				"${PODS_PODFILE_DIR_PATH}/Podfile.lock",
				"${PODS_ROOT}/Manifest.lock",
			);
			name = "[CP] Check Pods Manifest.lock";
			outputPaths = (
				"$(DERIVED_FILE_DIR)/Pods-e.bizhanovTests-checkManifestLockResult.txt",
			);
			runOnlyForDeploymentPostprocessing = 0;
			shellPath = /bin/sh;
			shellScript = "diff \"${PODS_PODFILE_DIR_PATH}/Podfile.lock\" \"${PODS_ROOT}/Manifest.lock\" > /dev/null\nif [ $? != 0 ] ; then\n    # print error to STDERR\n    echo \"error: The sandbox is not in sync with the Podfile.lock. Run 'pod install' or update your CocoaPods installation.\" >&2\n    exit 1\nfi\n# This output is used by Xcode 'outputs' to avoid re-running this script phase.\necho \"SUCCESS\" > \"${SCRIPT_OUTPUT_FILE_0}\"\n";
			showEnvVarsInLog = 0;
		};
		DBF2728EF0B861105E35988A /* [CP] Check Pods Manifest.lock */ = {
			isa = PBXShellScriptBuildPhase;
			buildActionMask = 2147483647;
			files = (
			);
			inputPaths = (
				"${PODS_PODFILE_DIR_PATH}/Podfile.lock",
				"${PODS_ROOT}/Manifest.lock",
			);
			name = "[CP] Check Pods Manifest.lock";
			outputPaths = (
				"$(DERIVED_FILE_DIR)/Pods-e.bizhanov-checkManifestLockResult.txt",
			);
			runOnlyForDeploymentPostprocessing = 0;
			shellPath = /bin/sh;
			shellScript = "diff \"${PODS_PODFILE_DIR_PATH}/Podfile.lock\" \"${PODS_ROOT}/Manifest.lock\" > /dev/null\nif [ $? != 0 ] ; then\n    # print error to STDERR\n    echo \"error: The sandbox is not in sync with the Podfile.lock. Run 'pod install' or update your CocoaPods installation.\" >&2\n    exit 1\nfi\n# This output is used by Xcode 'outputs' to avoid re-running this script phase.\necho \"SUCCESS\" > \"${SCRIPT_OUTPUT_FILE_0}\"\n";
			showEnvVarsInLog = 0;
		};
/* End PBXShellScriptBuildPhase section */

/* Begin PBXSourcesBuildPhase section */
		7A2584B820E7E3080030E644 /* Sources */ = {
			isa = PBXSourcesBuildPhase;
			buildActionMask = 2147483647;
			files = (
				7A67785C20EDFDED000A2118 /* AbstractRequestFactory.swift in Sources */,
				7A85D4DF20EDFA1F00FDDC4C /* ErrorParser.swift in Sources */,
				7A67785D20EDFDED000A2118 /* RequestRouter.swift in Sources */,
				7AE2CD6E20EE0924003792D6 /* User.swift in Sources */,
				7AF027EE20EDFD7B00BC3B27 /* ResponseCodable.swift in Sources */,
				7A2584C020E7E3080030E644 /* AppDelegate.swift in Sources */,
				7A85D4DE20EDFA1F00FDDC4C /* AbstractErrorParser.swift in Sources */,
			);
			runOnlyForDeploymentPostprocessing = 0;
		};
		7A2584CC20E7E30B0030E644 /* Sources */ = {
			isa = PBXSourcesBuildPhase;
			buildActionMask = 2147483647;
			files = (
				7A2584D520E7E30B0030E644 /* e_bizhanovTests.swift in Sources */,
			);
			runOnlyForDeploymentPostprocessing = 0;
		};
		7A2584D720E7E30C0030E644 /* Sources */ = {
			isa = PBXSourcesBuildPhase;
			buildActionMask = 2147483647;
			files = (
				7A2584E020E7E30C0030E644 /* e_bizhanovUITests.swift in Sources */,
			);
			runOnlyForDeploymentPostprocessing = 0;
		};
/* End PBXSourcesBuildPhase section */

/* Begin PBXTargetDependency section */
		7A2584D220E7E30B0030E644 /* PBXTargetDependency */ = {
			isa = PBXTargetDependency;
			target = 7A2584BB20E7E3080030E644 /* e.bizhanov */;
			targetProxy = 7A2584D120E7E30B0030E644 /* PBXContainerItemProxy */;
		};
		7A2584DD20E7E30C0030E644 /* PBXTargetDependency */ = {
			isa = PBXTargetDependency;
			target = 7A2584BB20E7E3080030E644 /* e.bizhanov */;
			targetProxy = 7A2584DC20E7E30C0030E644 /* PBXContainerItemProxy */;
		};
/* End PBXTargetDependency section */

/* Begin PBXVariantGroup section */
		7A2584C820E7E30B0030E644 /* LaunchScreen.storyboard */ = {
			isa = PBXVariantGroup;
			children = (
				7A2584C920E7E30B0030E644 /* Base */,
			);
			name = LaunchScreen.storyboard;
			sourceTree = "<group>";
		};
/* End PBXVariantGroup section */

/* Begin XCBuildConfiguration section */
		7A2584E220E7E30C0030E644 /* Debug */ = {
			isa = XCBuildConfiguration;
			buildSettings = {
				ALWAYS_SEARCH_USER_PATHS = NO;
				CLANG_ANALYZER_NONNULL = YES;
				CLANG_ANALYZER_NUMBER_OBJECT_CONVERSION = YES_AGGRESSIVE;
				CLANG_CXX_LANGUAGE_STANDARD = "gnu++14";
				CLANG_CXX_LIBRARY = "libc++";
				CLANG_ENABLE_MODULES = YES;
				CLANG_ENABLE_OBJC_ARC = YES;
				CLANG_ENABLE_OBJC_WEAK = YES;
				CLANG_WARN_BLOCK_CAPTURE_AUTORELEASING = YES;
				CLANG_WARN_BOOL_CONVERSION = YES;
				CLANG_WARN_COMMA = YES;
				CLANG_WARN_CONSTANT_CONVERSION = YES;
				CLANG_WARN_DEPRECATED_OBJC_IMPLEMENTATIONS = YES;
				CLANG_WARN_DIRECT_OBJC_ISA_USAGE = YES_ERROR;
				CLANG_WARN_DOCUMENTATION_COMMENTS = YES;
				CLANG_WARN_EMPTY_BODY = YES;
				CLANG_WARN_ENUM_CONVERSION = YES;
				CLANG_WARN_INFINITE_RECURSION = YES;
				CLANG_WARN_INT_CONVERSION = YES;
				CLANG_WARN_NON_LITERAL_NULL_CONVERSION = YES;
				CLANG_WARN_OBJC_IMPLICIT_RETAIN_SELF = YES;
				CLANG_WARN_OBJC_LITERAL_CONVERSION = YES;
				CLANG_WARN_OBJC_ROOT_CLASS = YES_ERROR;
				CLANG_WARN_RANGE_LOOP_ANALYSIS = YES;
				CLANG_WARN_STRICT_PROTOTYPES = YES;
				CLANG_WARN_SUSPICIOUS_MOVE = YES;
				CLANG_WARN_UNGUARDED_AVAILABILITY = YES_AGGRESSIVE;
				CLANG_WARN_UNREACHABLE_CODE = YES;
				CLANG_WARN__DUPLICATE_METHOD_MATCH = YES;
				CODE_SIGN_IDENTITY = "iPhone Developer";
				COPY_PHASE_STRIP = NO;
				DEBUG_INFORMATION_FORMAT = dwarf;
				ENABLE_STRICT_OBJC_MSGSEND = YES;
				ENABLE_TESTABILITY = YES;
				GCC_C_LANGUAGE_STANDARD = gnu11;
				GCC_DYNAMIC_NO_PIC = NO;
				GCC_NO_COMMON_BLOCKS = YES;
				GCC_OPTIMIZATION_LEVEL = 0;
				GCC_PREPROCESSOR_DEFINITIONS = (
					"DEBUG=1",
					"$(inherited)",
				);
				GCC_WARN_64_TO_32_BIT_CONVERSION = YES;
				GCC_WARN_ABOUT_RETURN_TYPE = YES_ERROR;
				GCC_WARN_UNDECLARED_SELECTOR = YES;
				GCC_WARN_UNINITIALIZED_AUTOS = YES_AGGRESSIVE;
				GCC_WARN_UNUSED_FUNCTION = YES;
				GCC_WARN_UNUSED_VARIABLE = YES;
				IPHONEOS_DEPLOYMENT_TARGET = 11.4;
				MTL_ENABLE_DEBUG_INFO = YES;
				ONLY_ACTIVE_ARCH = YES;
				SDKROOT = iphoneos;
				SWIFT_ACTIVE_COMPILATION_CONDITIONS = DEBUG;
				SWIFT_OPTIMIZATION_LEVEL = "-Onone";
			};
			name = Debug;
		};
		7A2584E320E7E30C0030E644 /* Release */ = {
			isa = XCBuildConfiguration;
			buildSettings = {
				ALWAYS_SEARCH_USER_PATHS = NO;
				CLANG_ANALYZER_NONNULL = YES;
				CLANG_ANALYZER_NUMBER_OBJECT_CONVERSION = YES_AGGRESSIVE;
				CLANG_CXX_LANGUAGE_STANDARD = "gnu++14";
				CLANG_CXX_LIBRARY = "libc++";
				CLANG_ENABLE_MODULES = YES;
				CLANG_ENABLE_OBJC_ARC = YES;
				CLANG_ENABLE_OBJC_WEAK = YES;
				CLANG_WARN_BLOCK_CAPTURE_AUTORELEASING = YES;
				CLANG_WARN_BOOL_CONVERSION = YES;
				CLANG_WARN_COMMA = YES;
				CLANG_WARN_CONSTANT_CONVERSION = YES;
				CLANG_WARN_DEPRECATED_OBJC_IMPLEMENTATIONS = YES;
				CLANG_WARN_DIRECT_OBJC_ISA_USAGE = YES_ERROR;
				CLANG_WARN_DOCUMENTATION_COMMENTS = YES;
				CLANG_WARN_EMPTY_BODY = YES;
				CLANG_WARN_ENUM_CONVERSION = YES;
				CLANG_WARN_INFINITE_RECURSION = YES;
				CLANG_WARN_INT_CONVERSION = YES;
				CLANG_WARN_NON_LITERAL_NULL_CONVERSION = YES;
				CLANG_WARN_OBJC_IMPLICIT_RETAIN_SELF = YES;
				CLANG_WARN_OBJC_LITERAL_CONVERSION = YES;
				CLANG_WARN_OBJC_ROOT_CLASS = YES_ERROR;
				CLANG_WARN_RANGE_LOOP_ANALYSIS = YES;
				CLANG_WARN_STRICT_PROTOTYPES = YES;
				CLANG_WARN_SUSPICIOUS_MOVE = YES;
				CLANG_WARN_UNGUARDED_AVAILABILITY = YES_AGGRESSIVE;
				CLANG_WARN_UNREACHABLE_CODE = YES;
				CLANG_WARN__DUPLICATE_METHOD_MATCH = YES;
				CODE_SIGN_IDENTITY = "iPhone Developer";
				COPY_PHASE_STRIP = NO;
				DEBUG_INFORMATION_FORMAT = "dwarf-with-dsym";
				ENABLE_NS_ASSERTIONS = NO;
				ENABLE_STRICT_OBJC_MSGSEND = YES;
				GCC_C_LANGUAGE_STANDARD = gnu11;
				GCC_NO_COMMON_BLOCKS = YES;
				GCC_WARN_64_TO_32_BIT_CONVERSION = YES;
				GCC_WARN_ABOUT_RETURN_TYPE = YES_ERROR;
				GCC_WARN_UNDECLARED_SELECTOR = YES;
				GCC_WARN_UNINITIALIZED_AUTOS = YES_AGGRESSIVE;
				GCC_WARN_UNUSED_FUNCTION = YES;
				GCC_WARN_UNUSED_VARIABLE = YES;
				IPHONEOS_DEPLOYMENT_TARGET = 11.4;
				MTL_ENABLE_DEBUG_INFO = NO;
				SDKROOT = iphoneos;
				SWIFT_COMPILATION_MODE = wholemodule;
				SWIFT_OPTIMIZATION_LEVEL = "-O";
				VALIDATE_PRODUCT = YES;
			};
			name = Release;
		};
		7A2584E520E7E30C0030E644 /* Debug */ = {
			isa = XCBuildConfiguration;
			baseConfigurationReference = 18689BF1EC9E2672CF69387D /* Pods-e.bizhanov.debug.xcconfig */;
			buildSettings = {
				ASSETCATALOG_COMPILER_APPICON_NAME = AppIcon;
				CODE_SIGN_STYLE = Automatic;
				DEVELOPMENT_TEAM = 6TZ3MZ977X;
				INFOPLIST_FILE = e.bizhanov/Environments/Info.plist;
				LD_RUNPATH_SEARCH_PATHS = (
					"$(inherited)",
					"@executable_path/Frameworks",
				);
				PRODUCT_BUNDLE_IDENTIFIER = "com.bizhanov.e-bizhanov";
				PRODUCT_NAME = "$(TARGET_NAME)";
				SWIFT_VERSION = 4.0;
				TARGETED_DEVICE_FAMILY = "1,2";
			};
			name = Debug;
		};
		7A2584E620E7E30C0030E644 /* Release */ = {
			isa = XCBuildConfiguration;
			baseConfigurationReference = C9D2158E3CCB0F3A25D7FFAB /* Pods-e.bizhanov.release.xcconfig */;
			buildSettings = {
				ASSETCATALOG_COMPILER_APPICON_NAME = AppIcon;
				CODE_SIGN_STYLE = Automatic;
				DEVELOPMENT_TEAM = 6TZ3MZ977X;
				INFOPLIST_FILE = e.bizhanov/Environments/Info.plist;
				LD_RUNPATH_SEARCH_PATHS = (
					"$(inherited)",
					"@executable_path/Frameworks",
				);
				PRODUCT_BUNDLE_IDENTIFIER = "com.bizhanov.e-bizhanov";
				PRODUCT_NAME = "$(TARGET_NAME)";
				SWIFT_VERSION = 4.0;
				TARGETED_DEVICE_FAMILY = "1,2";
			};
			name = Release;
		};
		7A2584E820E7E30C0030E644 /* Debug */ = {
			isa = XCBuildConfiguration;
			baseConfigurationReference = 329D2EC673C1229210F4DBD6 /* Pods-e.bizhanovTests.debug.xcconfig */;
			buildSettings = {
				ALWAYS_EMBED_SWIFT_STANDARD_LIBRARIES = YES;
				BUNDLE_LOADER = "$(TEST_HOST)";
				CODE_SIGN_STYLE = Automatic;
				DEVELOPMENT_TEAM = 6TZ3MZ977X;
				INFOPLIST_FILE = e.bizhanovTests/Info.plist;
				LD_RUNPATH_SEARCH_PATHS = (
					"$(inherited)",
					"@executable_path/Frameworks",
					"@loader_path/Frameworks",
				);
				PRODUCT_BUNDLE_IDENTIFIER = "com.bizhanov.e-bizhanovTests";
				PRODUCT_NAME = "$(TARGET_NAME)";
				SWIFT_VERSION = 4.0;
				TARGETED_DEVICE_FAMILY = "1,2";
				TEST_HOST = "$(BUILT_PRODUCTS_DIR)/e.bizhanov.app/e.bizhanov";
			};
			name = Debug;
		};
		7A2584E920E7E30C0030E644 /* Release */ = {
			isa = XCBuildConfiguration;
			baseConfigurationReference = A7B2FC838CE82396D5363B46 /* Pods-e.bizhanovTests.release.xcconfig */;
			buildSettings = {
				ALWAYS_EMBED_SWIFT_STANDARD_LIBRARIES = YES;
				BUNDLE_LOADER = "$(TEST_HOST)";
				CODE_SIGN_STYLE = Automatic;
				DEVELOPMENT_TEAM = 6TZ3MZ977X;
				INFOPLIST_FILE = e.bizhanovTests/Info.plist;
				LD_RUNPATH_SEARCH_PATHS = (
					"$(inherited)",
					"@executable_path/Frameworks",
					"@loader_path/Frameworks",
				);
				PRODUCT_BUNDLE_IDENTIFIER = "com.bizhanov.e-bizhanovTests";
				PRODUCT_NAME = "$(TARGET_NAME)";
				SWIFT_VERSION = 4.0;
				TARGETED_DEVICE_FAMILY = "1,2";
				TEST_HOST = "$(BUILT_PRODUCTS_DIR)/e.bizhanov.app/e.bizhanov";
			};
			name = Release;
		};
		7A2584EB20E7E30C0030E644 /* Debug */ = {
			isa = XCBuildConfiguration;
			baseConfigurationReference = 2DAE617F9F555E60B91BF5BC /* Pods-e.bizhanovUITests.debug.xcconfig */;
			buildSettings = {
				ALWAYS_EMBED_SWIFT_STANDARD_LIBRARIES = YES;
				CODE_SIGN_STYLE = Automatic;
				DEVELOPMENT_TEAM = 6TZ3MZ977X;
				INFOPLIST_FILE = e.bizhanovUITests/Info.plist;
				LD_RUNPATH_SEARCH_PATHS = (
					"$(inherited)",
					"@executable_path/Frameworks",
					"@loader_path/Frameworks",
				);
				PRODUCT_BUNDLE_IDENTIFIER = "com.bizhanov.e-bizhanovUITests";
				PRODUCT_NAME = "$(TARGET_NAME)";
				SWIFT_VERSION = 4.0;
				TARGETED_DEVICE_FAMILY = "1,2";
				TEST_TARGET_NAME = e.bizhanov;
			};
			name = Debug;
		};
		7A2584EC20E7E30C0030E644 /* Release */ = {
			isa = XCBuildConfiguration;
			baseConfigurationReference = 7FEC1D693AC07A71C9A63721 /* Pods-e.bizhanovUITests.release.xcconfig */;
			buildSettings = {
				ALWAYS_EMBED_SWIFT_STANDARD_LIBRARIES = YES;
				CODE_SIGN_STYLE = Automatic;
				DEVELOPMENT_TEAM = 6TZ3MZ977X;
				INFOPLIST_FILE = e.bizhanovUITests/Info.plist;
				LD_RUNPATH_SEARCH_PATHS = (
					"$(inherited)",
					"@executable_path/Frameworks",
					"@loader_path/Frameworks",
				);
				PRODUCT_BUNDLE_IDENTIFIER = "com.bizhanov.e-bizhanovUITests";
				PRODUCT_NAME = "$(TARGET_NAME)";
				SWIFT_VERSION = 4.0;
				TARGETED_DEVICE_FAMILY = "1,2";
				TEST_TARGET_NAME = e.bizhanov;
			};
			name = Release;
		};
/* End XCBuildConfiguration section */

/* Begin XCConfigurationList section */
		7A2584B720E7E3080030E644 /* Build configuration list for PBXProject "e.bizhanov" */ = {
			isa = XCConfigurationList;
			buildConfigurations = (
				7A2584E220E7E30C0030E644 /* Debug */,
				7A2584E320E7E30C0030E644 /* Release */,
			);
			defaultConfigurationIsVisible = 0;
			defaultConfigurationName = Release;
		};
		7A2584E420E7E30C0030E644 /* Build configuration list for PBXNativeTarget "e.bizhanov" */ = {
			isa = XCConfigurationList;
			buildConfigurations = (
				7A2584E520E7E30C0030E644 /* Debug */,
				7A2584E620E7E30C0030E644 /* Release */,
			);
			defaultConfigurationIsVisible = 0;
			defaultConfigurationName = Release;
		};
		7A2584E720E7E30C0030E644 /* Build configuration list for PBXNativeTarget "e.bizhanovTests" */ = {
			isa = XCConfigurationList;
			buildConfigurations = (
				7A2584E820E7E30C0030E644 /* Debug */,
				7A2584E920E7E30C0030E644 /* Release */,
			);
			defaultConfigurationIsVisible = 0;
			defaultConfigurationName = Release;
		};
		7A2584EA20E7E30C0030E644 /* Build configuration list for PBXNativeTarget "e.bizhanovUITests" */ = {
			isa = XCConfigurationList;
			buildConfigurations = (
				7A2584EB20E7E30C0030E644 /* Debug */,
				7A2584EC20E7E30C0030E644 /* Release */,
			);
			defaultConfigurationIsVisible = 0;
			defaultConfigurationName = Release;
		};
/* End XCConfigurationList section */
	};
	rootObject = 7A2584B420E7E3080030E644 /* Project object */;
}
